
Microsoft Visual Studio Solution File, Format Version 12.00
# Visual Studio Version 17
VisualStudioVersion = 17.0.32014.148
MinimumVisualStudioVersion = 10.0.40219.1
Project("{FAE04EC0-301F-11D3-BF4B-00C04F79EFBC}") = "StrategyHandler", "StrategyHandler\StrategyHandler.csproj", "{90CBB399-2EED-4F12-B326-44D0C3E671D2}"
EndProject
Project("{FAE04EC0-301F-11D3-BF4B-00C04F79EFBC}") = "StrategyHandler.Tests", "StrategyHandler.Tests\StrategyHandler.Tests.csproj", "{166ABADA-8C78-488D-8106-87B548B53DB7}"
EndProject
Project("{FAE04EC0-301F-11D3-BF4B-00C04F79EFBC}") = "StrategyHandler.DependencyInjection", "StrategyHandler.DependencyInjection\StrategyHandler.DependencyInjection.csproj", "{FFF7A98B-CC92-4259-9AE9-AAEA34302893}"
EndProject
Global
	GlobalSection(SolutionConfigurationPlatforms) = preSolution
		Debug|Any CPU = Debug|Any CPU
		Release|Any CPU = Release|Any CPU
	EndGlobalSection
	GlobalSection(ProjectConfigurationPlatforms) = postSolution
		{90CBB399-2EED-4F12-B326-44D0C3E671D2}.Debug|Any CPU.ActiveCfg = Debug|Any CPU
		{90CBB399-2EED-4F12-B326-44D0C3E671D2}.Debug|Any CPU.Build.0 = Debug|Any CPU
		{90CBB399-2EED-4F12-B326-44D0C3E671D2}.Release|Any CPU.ActiveCfg = Release|Any CPU
		{90CBB399-2EED-4F12-B326-44D0C3E671D2}.Release|Any CPU.Build.0 = Release|Any CPU
		{166ABADA-8C78-488D-8106-87B548B53DB7}.Debug|Any CPU.ActiveCfg = Debug|Any CPU
		{166ABADA-8C78-488D-8106-87B548B53DB7}.Debug|Any CPU.Build.0 = Debug|Any CPU
		{166ABADA-8C78-488D-8106-87B548B53DB7}.Release|Any CPU.ActiveCfg = Release|Any CPU
		{166ABADA-8C78-488D-8106-87B548B53DB7}.Release|Any CPU.Build.0 = Release|Any CPU
		{FFF7A98B-CC92-4259-9AE9-AAEA34302893}.Debug|Any CPU.ActiveCfg = Debug|Any CPU
		{FFF7A98B-CC92-4259-9AE9-AAEA34302893}.Debug|Any CPU.Build.0 = Debug|Any CPU
		{FFF7A98B-CC92-4259-9AE9-AAEA34302893}.Release|Any CPU.ActiveCfg = Release|Any CPU
		{FFF7A98B-CC92-4259-9AE9-AAEA34302893}.Release|Any CPU.Build.0 = Release|Any CPU
	EndGlobalSection
	GlobalSection(SolutionProperties) = preSolution
		HideSolutionNode = FALSE
	EndGlobalSection
	GlobalSection(ExtensibilityGlobals) = postSolution
		SolutionGuid = {FC9E2DE6-E363-4B1E-BF29-EECE825FD738}
	EndGlobalSection
EndGlobal
